github.com/emmansun/base64 v0.9.0 h1:92dLrE7iro6g/yWuPsd7M9TzJpe9fEeqKH0H7MApDtE=
github.com/emmansun/base64 v0.9.0/go.mod h1:hp0DxCkKt7bF26HOh4BzhcObvqfH1BVy2vznoGThW6Q=
golang.org/x/sys v0.44.0 h1:ildZl3J4uzeKP07r2F++Op7E9B29JRUy+a27EibtBTQ=
golang.org/x/sys v0.44.0/go.mod h1:4GL1E5IUh+htKOUEOaiffhrAeqysfVGipDYzABqnCmw=
golang.org/x/term v0.40.0 h1:36e4zGLqU4yhjlmxEaagx2KuYbJq3EwY8K943ZsHcvg=
golang.org/x/term v0.40.0/go.mod h1:w2P8uVp06p2iyKKuvXIm7N/y0UCRt3UfJTfZ7oOpglM=
